{
  "name": "subtitle",
  "version": "1.0.0",
  "lockfileVersion": 1,
  "requires": true,
  "dependencies": {
    "subsrt": {
      "version": "1.1.1",
      "resolved": "https://registry.npmjs.org/subsrt/-/subsrt-1.1.1.tgz",
      "integrity": "sha512-F15pSRRrPYnLjDKohcwkUUGhgHH+0IqpCoznMHMibZI9a2qN3ya/p3Xp/7zFOPvwez9b/qFjwtOnyS7f7d/MNw=="
    }
  }
}
